{
  "name": "recaser",
  "version": "0.4.2",
  "lockfileVersion": 1,
  "requires": true,
  "dependencies": {
    "casey-js": {
      "version": "1.6.3",
      "resolved": "https://registry.npmjs.org/casey-js/-/casey-js-1.6.3.tgz",
      "integrity": "sha512-F6a5Wg84LbCEaNOFhRNfkqKExzvx+YW0DULNSrcazm4WWbvSbwYtb1D9Gp9Xgn3Lrr3azUdelcUZ2LOsVSop7w=="
    },
    "minimist": {
      "version": "1.2.0",
      "resolved": "https://registry.npmjs.org/minimist/-/minimist-1.2.0.tgz",
      "integrity": "sha1-o1AIsg9BOD7sH7kU9M1d95omQoQ="
    }
  }
}
