{
  "name": "recaser",
  "version": "0.5.0",
  "lockfileVersion": 3,
  "requires": true,
  "packages": {
    "": {
      "name": "recaser",
      "version": "0.5.0",
      "license": "MIT",
      "dependencies": {
        "casey-js": "^1.7.1",
        "minimist": "^1.2.8"
      },
      "bin": {
        "recase": "recase.js"
      },
      "engines": {
        "node": ">=8.0.0"
      }
    },
    "node_modules/casey-js": {
      "version": "1.7.1",
      "resolved": "https://registry.npmjs.org/casey-js/-/casey-js-1.7.1.tgz",
      "integrity": "sha512-/7tcaGPod09M11SY5nXSDYwhncVA9r/C7wnia9zN5knUXsPWMqbjE40bnxvBCrMDRbwpL9mthm31D4oQcVHwaw==",
      "engines": {
        "node": ">=18"
      }
    },
    "node_modules/minimist": {
      "version": "1.2.8",
      "resolved": "https://registry.npmjs.org/minimist/-/minimist-1.2.8.tgz",
      "integrity": "sha512-2yyAR8qBkN3YuheJanUpWC5U3bb5osDywNB8RzDVlDwDHbocAJveqqj1u8+SVD7jkWT4yvsHCpWqqWqAxb0zCA==",
      "funding": {
        "url": "https://github.com/sponsors/ljharb"
      }
    }
  }
}
